
Microsoft Visual Studio Solution File, Format Version 12.00
# Visual Studio 15
VisualStudioVersion = 15.0.28307.1321
MinimumVisualStudioVersion = 10.0.40219.1
Project("{FAE04EC0-301F-11D3-BF4B-00C04F79EFBC}") = "ShipDockIOC", "ShipDockIOC.csproj", "{72809ADF-C4CD-4F6C-B733-0BCBC2575C39}"
EndProject
Project("{FAE04EC0-301F-11D3-BF4B-00C04F79EFBC}") = "ShipDockCore", "..\ShipDockCore\ShipDockCore.csproj", "{42A20B1B-BF53-4D4D-9F3F-5DAF54E069EA}"
EndProject
Project("{FAE04EC0-301F-11D3-BF4B-00C04F79EFBC}") = "ShipDockNotices", "..\ShipDockNotices\ShipDockNotices.csproj", "{E00FB16E-8397-4182-888E-52408B666F7D}"
EndProject
Project("{FAE04EC0-301F-11D3-BF4B-00C04F79EFBC}") = "ShipDockTicks", "..\ShipDockTicks\ShipDockTicks.csproj", "{45776FB6-9D0F-4EDC-B99C-F1454F299852}"
EndProject
Project("{FAE04EC0-301F-11D3-BF4B-00C04F79EFBC}") = "ShipDockCommon", "..\ShipDockCommon\ShipDockCommon.csproj", "{E838F38A-3DB0-444F-8FA0-A305CBF04BDB}"
EndProject
Global
	GlobalSection(SolutionConfigurationPlatforms) = preSolution
		Debug|Any CPU = Debug|Any CPU
		Release|Any CPU = Release|Any CPU
	EndGlobalSection
	GlobalSection(ProjectConfigurationPlatforms) = postSolution
		{72809ADF-C4CD-4F6C-B733-0BCBC2575C39}.Debug|Any CPU.ActiveCfg = Debug|Any CPU
		{72809ADF-C4CD-4F6C-B733-0BCBC2575C39}.Debug|Any CPU.Build.0 = Debug|Any CPU
		{72809ADF-C4CD-4F6C-B733-0BCBC2575C39}.Release|Any CPU.ActiveCfg = Release|Any CPU
		{72809ADF-C4CD-4F6C-B733-0BCBC2575C39}.Release|Any CPU.Build.0 = Release|Any CPU
		{42A20B1B-BF53-4D4D-9F3F-5DAF54E069EA}.Debug|Any CPU.ActiveCfg = Debug|Any CPU
		{42A20B1B-BF53-4D4D-9F3F-5DAF54E069EA}.Debug|Any CPU.Build.0 = Debug|Any CPU
		{42A20B1B-BF53-4D4D-9F3F-5DAF54E069EA}.Release|Any CPU.ActiveCfg = Release|Any CPU
		{42A20B1B-BF53-4D4D-9F3F-5DAF54E069EA}.Release|Any CPU.Build.0 = Release|Any CPU
		{E00FB16E-8397-4182-888E-52408B666F7D}.Debug|Any CPU.ActiveCfg = Debug|Any CPU
		{E00FB16E-8397-4182-888E-52408B666F7D}.Debug|Any CPU.Build.0 = Debug|Any CPU
		{E00FB16E-8397-4182-888E-52408B666F7D}.Release|Any CPU.ActiveCfg = Release|Any CPU
		{E00FB16E-8397-4182-888E-52408B666F7D}.Release|Any CPU.Build.0 = Release|Any CPU
		{45776FB6-9D0F-4EDC-B99C-F1454F299852}.Debug|Any CPU.ActiveCfg = Debug|Any CPU
		{45776FB6-9D0F-4EDC-B99C-F1454F299852}.Debug|Any CPU.Build.0 = Debug|Any CPU
		{45776FB6-9D0F-4EDC-B99C-F1454F299852}.Release|Any CPU.ActiveCfg = Release|Any CPU
		{45776FB6-9D0F-4EDC-B99C-F1454F299852}.Release|Any CPU.Build.0 = Release|Any CPU
		{E838F38A-3DB0-444F-8FA0-A305CBF04BDB}.Debug|Any CPU.ActiveCfg = Debug|Any CPU
		{E838F38A-3DB0-444F-8FA0-A305CBF04BDB}.Debug|Any CPU.Build.0 = Debug|Any CPU
		{E838F38A-3DB0-444F-8FA0-A305CBF04BDB}.Release|Any CPU.ActiveCfg = Release|Any CPU
		{E838F38A-3DB0-444F-8FA0-A305CBF04BDB}.Release|Any CPU.Build.0 = Release|Any CPU
	EndGlobalSection
	GlobalSection(SolutionProperties) = preSolution
		HideSolutionNode = FALSE
	EndGlobalSection
	GlobalSection(ExtensibilityGlobals) = postSolution
		SolutionGuid = {6A0512D8-AB4E-4AFB-951A-237B568C1D9A}
	EndGlobalSection
EndGlobal
